// !$*UTF8*$!
{
	archiveVersion = 1;
	classes = {
	};
	objectVersion = 55;
	objects = {

/* Begin PBXBuildFile section */
		128FD161277073B0002C653D /* AppDelegate.swift in Sources */ = {isa = PBXBuildFile; fileRef = 128FD160277073B0002C653D /* AppDelegate.swift */; };
		128FD163277073B0002C653D /* SceneDelegate.swift in Sources */ = {isa = PBXBuildFile; fileRef = 128FD162277073B0002C653D /* SceneDelegate.swift */; };
		128FD165277073B0002C653D /* ViewController.swift in Sources */ = {isa = PBXBuildFile; fileRef = 128FD164277073B0002C653D /* ViewController.swift */; };
		128FD168277073B0002C653D /* Main.storyboard in Resources */ = {isa = PBXBuildFile; fileRef = 128FD166277073B0002C653D /* Main.storyboard */; };
		128FD16A277073B1002C653D /* Assets.xcassets in Resources */ = {isa = PBXBuildFile; fileRef = 128FD169277073B1002C653D /* Assets.xcassets */; };
		128FD16D277073B1002C653D /* LaunchScreen.storyboard in Resources */ = {isa = PBXBuildFile; fileRef = 128FD16B277073B1002C653D /* LaunchScreen.storyboard */; };
		128FD178277073B1002C653D /* panButtonTests.swift in Sources */ = {isa = PBXBuildFile; fileRef = 128FD177277073B1002C653D /* panButtonTests.swift */; };
		128FD182277073B1002C653D /* panButtonUITests.swift in Sources */ = {isa = PBXBuildFile; fileRef = 128FD181277073B1002C653D /* panButtonUITests.swift */; };
		128FD184277073B1002C653D /* panButtonUITestsLaunchTests.swift in Sources */ = {isa = PBXBuildFile; fileRef = 128FD183277073B1002C653D /* panButtonUITestsLaunchTests.swift */; };
/* End PBXBuildFile section */

/* Begin PBXContainerItemProxy section */
		128FD174277073B1002C653D /* PBXContainerItemProxy */ = {
			isa = PBXContainerItemProxy;
			containerPortal = 128FD155277073B0002C653D /* Project object */;
			proxyType = 1;
			remoteGlobalIDString = 128FD15C277073B0002C653D;
			remoteInfo = panButton;
		};
		128FD17E277073B1002C653D /* PBXContainerItemProxy */ = {
			isa = PBXContainerItemProxy;
			containerPortal = 128FD155277073B0002C653D /* Project object */;
			proxyType = 1;
			remoteGlobalIDString = 128FD15C277073B0002C653D;
			remoteInfo = panButton;
		};
/* End PBXContainerItemProxy section */

/* Begin PBXFileReference section */
		128FD15D277073B0002C653D /* panButton.app */ = {isa = PBXFileReference; explicitFileType = wrapper.application; includeInIndex = 0; path = panButton.app; sourceTree = BUILT_PRODUCTS_DIR; };
		128FD160277073B0002C653D /* AppDelegate.swift */ = {isa = PBXFileReference; lastKnownFileType = sourcecode.swift; path = AppDelegate.swift; sourceTree = "<group>"; };
		128FD162277073B0002C653D /* SceneDelegate.swift */ = {isa = PBXFileReference; lastKnownFileType = sourcecode.swift; path = SceneDelegate.swift; sourceTree = "<group>"; };
		128FD164277073B0002C653D /* ViewController.swift */ = {isa = PBXFileReference; lastKnownFileType = sourcecode.swift; path = ViewController.swift; sourceTree = "<group>"; };
		128FD167277073B0002C653D /* Base */ = {isa = PBXFileReference; lastKnownFileType = file.storyboard; name = Base; path = Base.lproj/Main.storyboard; sourceTree = "<group>"; };
		128FD169277073B1002C653D /* Assets.xcassets */ = {isa = PBXFileReference; lastKnownFileType = folder.assetcatalog; path = Assets.xcassets; sourceTree = "<group>"; };
		128FD16C277073B1002C653D /* Base */ = {isa = PBXFileReference; lastKnownFileType = file.storyboard; name = Base; path = Base.lproj/LaunchScreen.storyboard; sourceTree = "<group>"; };
		128FD16E277073B1002C653D /* Info.plist */ = {isa = PBXFileReference; lastKnownFileType = text.plist.xml; path = Info.plist; sourceTree = "<group>"; };
		128FD173277073B1002C653D /* panButtonTests.xctest */ = {isa = PBXFileReference; explicitFileType = wrapper.cfbundle; includeInIndex = 0; path = panButtonTests.xctest; sourceTree = BUILT_PRODUCTS_DIR; };
		128FD177277073B1002C653D /* panButtonTests.swift */ = {isa = PBXFileReference; lastKnownFileType = sourcecode.swift; path = panButtonTests.swift; sourceTree = "<group>"; };
		128FD17D277073B1002C653D /* panButtonUITests.xctest */ = {isa = PBXFileReference; explicitFileType = wrapper.cfbundle; includeInIndex = 0; path = panButtonUITests.xctest; sourceTree = BUILT_PRODUCTS_DIR; };
		128FD181277073B1002C653D /* panButtonUITests.swift */ = {isa = PBXFileReference; lastKnownFileType = sourcecode.swift; path = panButtonUITests.swift; sourceTree = "<group>"; };
		128FD183277073B1002C653D /* panButtonUITestsLaunchTests.swift */ = {isa = PBXFileReference; lastKnownFileType = sourcecode.swift; path = panButtonUITestsLaunchTests.swift; sourceTree = "<group>"; };
/* End PBXFileReference section */

/* Begin PBXFrameworksBuildPhase section */
		128FD15A277073B0002C653D /* Frameworks */ = {
			isa = PBXFrameworksBuildPhase;
			buildActionMask = 2147483647;
			files = (
			);
			runOnlyForDeploymentPostprocessing = 0;
		};
		128FD170277073B1002C653D /* Frameworks */ = {
			isa = PBXFrameworksBuildPhase;
			buildActionMask = 2147483647;
			files = (
			);
			runOnlyForDeploymentPostprocessing = 0;
		};
		128FD17A277073B1002C653D /* Frameworks */ = {
			isa = PBXFrameworksBuildPhase;
			buildActionMask = 2147483647;
			files = (
			);
			runOnlyForDeploymentPostprocessing = 0;
		};
/* End PBXFrameworksBuildPhase section */

/* Begin PBXGroup section */
		128FD154277073B0002C653D = {
			isa = PBXGroup;
			children = (
				128FD15F277073B0002C653D /* panButton */,
				128FD176277073B1002C653D /* panButtonTests */,
				128FD180277073B1002C653D /* panButtonUITests */,
				128FD15E277073B0002C653D /* Products */,
			);
			sourceTree = "<group>";
		};
		128FD15E277073B0002C653D /* Products */ = {
			isa = PBXGroup;
			children = (
				128FD15D277073B0002C653D /* panButton.app */,
				128FD173277073B1002C653D /* panButtonTests.xctest */,
				128FD17D277073B1002C653D /* panButtonUITests.xctest */,
			);
			name = Products;
			sourceTree = "<group>";
		};
		128FD15F277073B0002C653D /* panButton */ = {
			isa = PBXGroup;
			children = (
				128FD160277073B0002C653D /* AppDelegate.swift */,
				128FD162277073B0002C653D /* SceneDelegate.swift */,
				128FD164277073B0002C653D /* ViewController.swift */,
				128FD166277073B0002C653D /* Main.storyboard */,
				128FD169277073B1002C653D /* Assets.xcassets */,
				128FD16B277073B1002C653D /* LaunchScreen.storyboard */,
				128FD16E277073B1002C653D /* Info.plist */,
			);
			path = panButton;
			sourceTree = "<group>";
		};
		128FD176277073B1002C653D /* panButtonTests */ = {
			isa = PBXGroup;
			children = (
				128FD177277073B1002C653D /* panButtonTests.swift */,
			);
			path = panButtonTests;
			sourceTree = "<group>";
		};
		128FD180277073B1002C653D /* panButtonUITests */ = {
			isa = PBXGroup;
			children = (
				128FD181277073B1002C653D /* panButtonUITests.swift */,
				128FD183277073B1002C653D /* panButtonUITestsLaunchTests.swift */,
			);
			path = panButtonUITests;
			sourceTree = "<group>";
		};
/* End PBXGroup section */

/* Begin PBXNativeTarget section */
		128FD15C277073B0002C653D /* panButton */ = {
			isa = PBXNativeTarget;
			buildConfigurationList = 128FD187277073B1002C653D /* Build configuration list for PBXNativeTarget "panButton" */;
			buildPhases = (
				128FD159277073B0002C653D /* Sources */,
				128FD15A277073B0002C653D /* Frameworks */,
				128FD15B277073B0002C653D /* Resources */,
			);
			buildRules = (
			);
			dependencies = (
			);
			name = panButton;
			productName = panButton;
			productReference = 128FD15D277073B0002C653D /* panButton.app */;
			productType = "com.apple.product-type.application";
		};
		128FD172277073B1002C653D /* panButtonTests */ = {
			isa = PBXNativeTarget;
			buildConfigurationList = 128FD18A277073B1002C653D /* Build configuration list for PBXNativeTarget "panButtonTests" */;
			buildPhases = (
				128FD16F277073B1002C653D /* Sources */,
				128FD170277073B1002C653D /* Frameworks */,
				128FD171277073B1002C653D /* Resources */,
			);
			buildRules = (
			);
			dependencies = (
				128FD175277073B1002C653D /* PBXTargetDependency */,
			);
			name = panButtonTests;
			productName = panButtonTests;
			productReference = 128FD173277073B1002C653D /* panButtonTests.xctest */;
			productType = "com.apple.product-type.bundle.unit-test";
		};
		128FD17C277073B1002C653D /* panButtonUITests */ = {
			isa = PBXNativeTarget;
			buildConfigurationList = 128FD18D277073B1002C653D /* Build configuration list for PBXNativeTarget "panButtonUITests" */;
			buildPhases = (
				128FD179277073B1002C653D /* Sources */,
				128FD17A277073B1002C653D /* Frameworks */,
				128FD17B277073B1002C653D /* Resources */,
			);
			buildRules = (
			);
			dependencies = (
				128FD17F277073B1002C653D /* PBXTargetDependency */,
			);
			name = panButtonUITests;
			productName = panButtonUITests;
			productReference = 128FD17D277073B1002C653D /* panButtonUITests.xctest */;
			productType = "com.apple.product-type.bundle.ui-testing";
		};
/* End PBXNativeTarget section */

/* Begin PBXProject section */
		128FD155277073B0002C653D /* Project object */ = {
			isa = PBXProject;
			attributes = {
				BuildIndependentTargetsInParallel = 1;
				LastSwiftUpdateCheck = 1300;
				LastUpgradeCheck = 1300;
				TargetAttributes = {
					128FD15C277073B0002C653D = {
						CreatedOnToolsVersion = 13.0;
					};
					128FD172277073B1002C653D = {
						CreatedOnToolsVersion = 13.0;
						TestTargetID = 128FD15C277073B0002C653D;
					};
					128FD17C277073B1002C653D = {
						CreatedOnToolsVersion = 13.0;
						TestTargetID = 128FD15C277073B0002C653D;
					};
				};
			};
			buildConfigurationList = 128FD158277073B0002C653D /* Build configuration list for PBXProject "panButton" */;
			compatibilityVersion = "Xcode 13.0";
			developmentRegion = en;
			hasScannedForEncodings = 0;
			knownRegions = (
				en,
				Base,
			);
			mainGroup = 128FD154277073B0002C653D;
			productRefGroup = 128FD15E277073B0002C653D /* Products */;
			projectDirPath = "";
			projectRoot = "";
			targets = (
				128FD15C277073B0002C653D /* panButton */,
				128FD172277073B1002C653D /* panButtonTests */,
				128FD17C277073B1002C653D /* panButtonUITests */,
			);
		};
/* End PBXProject section */

/* Begin PBXResourcesBuildPhase section */
		128FD15B277073B0002C653D /* Resources */ = {
			isa = PBXResourcesBuildPhase;
			buildActionMask = 2147483647;
			files = (
				128FD16D277073B1002C653D /* LaunchScreen.storyboard in Resources */,
				128FD16A277073B1002C653D /* Assets.xcassets in Resources */,
				128FD168277073B0002C653D /* Main.storyboard in Resources */,
			);
			runOnlyForDeploymentPostprocessing = 0;
		};
		128FD171277073B1002C653D /* Resources */ = {
			isa = PBXResourcesBuildPhase;
			buildActionMask = 2147483647;
			files = (
			);
			runOnlyForDeploymentPostprocessing = 0;
		};
		128FD17B277073B1002C653D /* Resources */ = {
			isa = PBXResourcesBuildPhase;
			buildActionMask = 2147483647;
			files = (
			);
			runOnlyForDeploymentPostprocessing = 0;
		};
/* End PBXResourcesBuildPhase section */

/* Begin PBXSourcesBuildPhase section */
		128FD159277073B0002C653D /* Sources */ = {
			isa = PBXSourcesBuildPhase;
			buildActionMask = 2147483647;
			files = (
				128FD165277073B0002C653D /* ViewController.swift in Sources */,
				128FD161277073B0002C653D /* AppDelegate.swift in Sources */,
				128FD163277073B0002C653D /* SceneDelegate.swift in Sources */,
			);
			runOnlyForDeploymentPostprocessing = 0;
		};
		128FD16F277073B1002C653D /* Sources */ = {
			isa = PBXSourcesBuildPhase;
			buildActionMask = 2147483647;
			files = (
				128FD178277073B1002C653D /* panButtonTests.swift in Sources */,
			);
			runOnlyForDeploymentPostprocessing = 0;
		};
		128FD179277073B1002C653D /* Sources */ = {
			isa = PBXSourcesBuildPhase;
			buildActionMask = 2147483647;
			files = (
				128FD184277073B1002C653D /* panButtonUITestsLaunchTests.swift in Sources */,
				128FD182277073B1002C653D /* panButtonUITests.swift in Sources */,
			);
			runOnlyForDeploymentPostprocessing = 0;
		};
/* End PBXSourcesBuildPhase section */

/* Begin PBXTargetDependency section */
		128FD175277073B1002C653D /* PBXTargetDependency */ = {
			isa = PBXTargetDependency;
			target = 128FD15C277073B0002C653D /* panButton */;
			targetProxy = 128FD174277073B1002C653D /* PBXContainerItemProxy */;
		};
		128FD17F277073B1002C653D /* PBXTargetDependency */ = {
			isa = PBXTargetDependency;
			target = 128FD15C277073B0002C653D /* panButton */;
			targetProxy = 128FD17E277073B1002C653D /* PBXContainerItemProxy */;
		};
/* End PBXTargetDependency section */

/* Begin PBXVariantGroup section */
		128FD166277073B0002C653D /* Main.storyboard */ = {
			isa = PBXVariantGroup;
			children = (
				128FD167277073B0002C653D /* Base */,
			);
			name = Main.storyboard;
			sourceTree = "<group>";
		};
		128FD16B277073B1002C653D /* LaunchScreen.storyboard */ = {
			isa = PBXVariantGroup;
			children = (
				128FD16C277073B1002C653D /* Base */,
			);
			name = LaunchScreen.storyboard;
			sourceTree = "<group>";
		};
/* End PBXVariantGroup section */

/* Begin XCBuildConfiguration section */
		128FD185277073B1002C653D /* Debug */ = {
			isa = XCBuildConfiguration;
			buildSettings = {
				ALWAYS_SEARCH_USER_PATHS = NO;
				CLANG_ANALYZER_NONNULL = YES;
				CLANG_ANALYZER_NUMBER_OBJECT_CONVERSION = YES_AGGRESSIVE;
				CLANG_CXX_LANGUAGE_STANDARD = "gnu++17";
				CLANG_CXX_LIBRARY = "libc++";
				CLANG_ENABLE_MODULES = YES;
				CLANG_ENABLE_OBJC_ARC = YES;
				CLANG_ENABLE_OBJC_WEAK = YES;
				CLANG_WARN_BLOCK_CAPTURE_AUTORELEASING = YES;
				CLANG_WARN_BOOL_CONVERSION = YES;
				CLANG_WARN_COMMA = YES;
				CLANG_WARN_CONSTANT_CONVERSION = YES;
				CLANG_WARN_DEPRECATED_OBJC_IMPLEMENTATIONS = YES;
				CLANG_WARN_DIRECT_OBJC_ISA_USAGE = YES_ERROR;
				CLANG_WARN_DOCUMENTATION_COMMENTS = YES;
				CLANG_WARN_EMPTY_BODY = YES;
				CLANG_WARN_ENUM_CONVERSION = YES;
				CLANG_WARN_INFINITE_RECURSION = YES;
				CLANG_WARN_INT_CONVERSION = YES;
				CLANG_WARN_NON_LITERAL_NULL_CONVERSION = YES;
				CLANG_WARN_OBJC_IMPLICIT_RETAIN_SELF = YES;
				CLANG_WARN_OBJC_LITERAL_CONVERSION = YES;
				CLANG_WARN_OBJC_ROOT_CLASS = YES_ERROR;
				CLANG_WARN_QUOTED_INCLUDE_IN_FRAMEWORK_HEADER = YES;
				CLANG_WARN_RANGE_LOOP_ANALYSIS = YES;
				CLANG_WARN_STRICT_PROTOTYPES = YES;
				CLANG_WARN_SUSPICIOUS_MOVE = YES;
				CLANG_WARN_UNGUARDED_AVAILABILITY = YES_AGGRESSIVE;
				CLANG_WARN_UNREACHABLE_CODE = YES;
				CLANG_WARN__DUPLICATE_METHOD_MATCH = YES;
				COPY_PHASE_STRIP = NO;
				DEBUG_INFORMATION_FORMAT = dwarf;
				ENABLE_STRICT_OBJC_MSGSEND = YES;
				ENABLE_TESTABILITY = YES;
				GCC_C_LANGUAGE_STANDARD = gnu11;
				GCC_DYNAMIC_NO_PIC = NO;
				GCC_NO_COMMON_BLOCKS = YES;
				GCC_OPTIMIZATION_LEVEL = 0;
				GCC_PREPROCESSOR_DEFINITIONS = (
					"DEBUG=1",
					"$(inherited)",
				);
				GCC_WARN_64_TO_32_BIT_CONVERSION = YES;
				GCC_WARN_ABOUT_RETURN_TYPE = YES_ERROR;
				GCC_WARN_UNDECLARED_SELECTOR = YES;
				GCC_WARN_UNINITIALIZED_AUTOS = YES_AGGRESSIVE;
				GCC_WARN_UNUSED_FUNCTION = YES;
				GCC_WARN_UNUSED_VARIABLE = YES;
				IPHONEOS_DEPLOYMENT_TARGET = 15.0;
				MTL_ENABLE_DEBUG_INFO = INCLUDE_SOURCE;
				MTL_FAST_MATH = YES;
				ONLY_ACTIVE_ARCH = YES;
				SDKROOT = iphoneos;
				SWIFT_ACTIVE_COMPILATION_CONDITIONS = DEBUG;
				SWIFT_OPTIMIZATION_LEVEL = "-Onone";
			};
			name = Debug;
		};
		128FD186277073B1002C653D /* Release */ = {
			isa = XCBuildConfiguration;
			buildSettings = {
				ALWAYS_SEARCH_USER_PATHS = NO;
				CLANG_ANALYZER_NONNULL = YES;
				CLANG_ANALYZER_NUMBER_OBJECT_CONVERSION = YES_AGGRESSIVE;
				CLANG_CXX_LANGUAGE_STANDARD = "gnu++17";
				CLANG_CXX_LIBRARY = "libc++";
				CLANG_ENABLE_MODULES = YES;
				CLANG_ENABLE_OBJC_ARC = YES;
				CLANG_ENABLE_OBJC_WEAK = YES;
				CLANG_WARN_BLOCK_CAPTURE_AUTORELEASING = YES;
				CLANG_WARN_BOOL_CONVERSION = YES;
				CLANG_WARN_COMMA = YES;
				CLANG_WARN_CONSTANT_CONVERSION = YES;
				CLANG_WARN_DEPRECATED_OBJC_IMPLEMENTATIONS = YES;
				CLANG_WARN_DIRECT_OBJC_ISA_USAGE = YES_ERROR;
				CLANG_WARN_DOCUMENTATION_COMMENTS = YES;
				CLANG_WARN_EMPTY_BODY = YES;
				CLANG_WARN_ENUM_CONVERSION = YES;
				CLANG_WARN_INFINITE_RECURSION = YES;
				CLANG_WARN_INT_CONVERSION = YES;
				CLANG_WARN_NON_LITERAL_NULL_CONVERSION = YES;
				CLANG_WARN_OBJC_IMPLICIT_RETAIN_SELF = YES;
				CLANG_WARN_OBJC_LITERAL_CONVERSION = YES;
				CLANG_WARN_OBJC_ROOT_CLASS = YES_ERROR;
				CLANG_WARN_QUOTED_INCLUDE_IN_FRAMEWORK_HEADER = YES;
				CLANG_WARN_RANGE_LOOP_ANALYSIS = YES;
				CLANG_WARN_STRICT_PROTOTYPES = YES;
				CLANG_WARN_SUSPICIOUS_MOVE = YES;
				CLANG_WARN_UNGUARDED_AVAILABILITY = YES_AGGRESSIVE;
				CLANG_WARN_UNREACHABLE_CODE = YES;
				CLANG_WARN__DUPLICATE_METHOD_MATCH = YES;
				COPY_PHASE_STRIP = NO;
				DEBUG_INFORMATION_FORMAT = "dwarf-with-dsym";
				ENABLE_NS_ASSERTIONS = NO;
				ENABLE_STRICT_OBJC_MSGSEND = YES;
				GCC_C_LANGUAGE_STANDARD = gnu11;
				GCC_NO_COMMON_BLOCKS = YES;
				GCC_WARN_64_TO_32_BIT_CONVERSION = YES;
				GCC_WARN_ABOUT_RETURN_TYPE = YES_ERROR;
				GCC_WARN_UNDECLARED_SELECTOR = YES;
				GCC_WARN_UNINITIALIZED_AUTOS = YES_AGGRESSIVE;
				GCC_WARN_UNUSED_FUNCTION = YES;
				GCC_WARN_UNUSED_VARIABLE = YES;
				IPHONEOS_DEPLOYMENT_TARGET = 15.0;
				MTL_ENABLE_DEBUG_INFO = NO;
				MTL_FAST_MATH = YES;
				SDKROOT = iphoneos;
				SWIFT_COMPILATION_MODE = wholemodule;
				SWIFT_OPTIMIZATION_LEVEL = "-O";
				VALIDATE_PRODUCT = YES;
			};
			name = Release;
		};
		128FD188277073B1002C653D /* Debug */ = {
			isa = XCBuildConfiguration;
			buildSettings = {
				ASSETCATALOG_COMPILER_APPICON_NAME = AppIcon;
				ASSETCATALOG_COMPILER_GLOBAL_ACCENT_COLOR_NAME = AccentColor;
				CODE_SIGN_STYLE = Automatic;
				CURRENT_PROJECT_VERSION = 1;
				DEVELOPMENT_TEAM = KWKVL4YQWY;
				GENERATE_INFOPLIST_FILE = YES;
				INFOPLIST_FILE = panButton/Info.plist;
				INFOPLIST_KEY_UIApplicationSupportsIndirectInputEvents = YES;
				INFOPLIST_KEY_UILaunchStoryboardName = LaunchScreen;
				INFOPLIST_KEY_UIMainStoryboardFile = Main;
				INFOPLIST_KEY_UISupportedInterfaceOrientations_iPad = "UIInterfaceOrientationPortrait UIInterfaceOrientationPortraitUpsideDown UIInterfaceOrientationLandscapeLeft UIInterfaceOrientationLandscapeRight";
				INFOPLIST_KEY_UISupportedInterfaceOrientations_iPhone = "UIInterfaceOrientationPortrait UIInterfaceOrientationLandscapeLeft UIInterfaceOrientationLandscapeRight";
				LD_RUNPATH_SEARCH_PATHS = (
					"$(inherited)",
					"@executable_path/Frameworks",
				);
				MARKETING_VERSION = 1.0;
				PRODUCT_BUNDLE_IDENTIFIER = practise007.panButton;
				PRODUCT_NAME = "$(TARGET_NAME)";
				SWIFT_EMIT_LOC_STRINGS = YES;
				SWIFT_VERSION = 5.0;
				TARGETED_DEVICE_FAMILY = "1,2";
			};
			name = Debug;
		};
		128FD189277073B1002C653D /* Release */ = {
			isa = XCBuildConfiguration;
			buildSettings = {
				ASSETCATALOG_COMPILER_APPICON_NAME = AppIcon;
				ASSETCATALOG_COMPILER_GLOBAL_ACCENT_COLOR_NAME = AccentColor;
				CODE_SIGN_STYLE = Automatic;
				CURRENT_PROJECT_VERSION = 1;
				DEVELOPMENT_TEAM = KWKVL4YQWY;
				GENERATE_INFOPLIST_FILE = YES;
				INFOPLIST_FILE = panButton/Info.plist;
				INFOPLIST_KEY_UIApplicationSupportsIndirectInputEvents = YES;
				INFOPLIST_KEY_UILaunchStoryboardName = LaunchScreen;
				INFOPLIST_KEY_UIMainStoryboardFile = Main;
				INFOPLIST_KEY_UISupportedInterfaceOrientations_iPad = "UIInterfaceOrientationPortrait UIInterfaceOrientationPortraitUpsideDown UIInterfaceOrientationLandscapeLeft UIInterfaceOrientationLandscapeRight";
				INFOPLIST_KEY_UISupportedInterfaceOrientations_iPhone = "UIInterfaceOrientationPortrait UIInterfaceOrientationLandscapeLeft UIInterfaceOrientationLandscapeRight";
				LD_RUNPATH_SEARCH_PATHS = (
					"$(inherited)",
					"@executable_path/Frameworks",
				);
				MARKETING_VERSION = 1.0;
				PRODUCT_BUNDLE_IDENTIFIER = practise007.panButton;
				PRODUCT_NAME = "$(TARGET_NAME)";
				SWIFT_EMIT_LOC_STRINGS = YES;
				SWIFT_VERSION = 5.0;
				TARGETED_DEVICE_FAMILY = "1,2";
			};
			name = Release;
		};
		128FD18B277073B1002C653D /* Debug */ = {
			isa = XCBuildConfiguration;
			buildSettings = {
				ALWAYS_EMBED_SWIFT_STANDARD_LIBRARIES = YES;
				BUNDLE_LOADER = "$(TEST_HOST)";
				CODE_SIGN_STYLE = Automatic;
				CURRENT_PROJECT_VERSION = 1;
				DEVELOPMENT_TEAM = KWKVL4YQWY;
				GENERATE_INFOPLIST_FILE = YES;
				IPHONEOS_DEPLOYMENT_TARGET = 15.0;
				LD_RUNPATH_SEARCH_PATHS = (
					"$(inherited)",
					"@executable_path/Frameworks",
					"@loader_path/Frameworks",
				);
				MARKETING_VERSION = 1.0;
				PRODUCT_BUNDLE_IDENTIFIER = practise007.panButtonTests;
				PRODUCT_NAME = "$(TARGET_NAME)";
				SWIFT_EMIT_LOC_STRINGS = NO;
				SWIFT_VERSION = 5.0;
				TARGETED_DEVICE_FAMILY = "1,2";
				TEST_HOST = "$(BUILT_PRODUCTS_DIR)/panButton.app/panButton";
			};
			name = Debug;
		};
		128FD18C277073B1002C653D /* Release */ = {
			isa = XCBuildConfiguration;
			buildSettings = {
				ALWAYS_EMBED_SWIFT_STANDARD_LIBRARIES = YES;
				BUNDLE_LOADER = "$(TEST_HOST)";
				CODE_SIGN_STYLE = Automatic;
				CURRENT_PROJECT_VERSION = 1;
				DEVELOPMENT_TEAM = KWKVL4YQWY;
				GENERATE_INFOPLIST_FILE = YES;
				IPHONEOS_DEPLOYMENT_TARGET = 15.0;
				LD_RUNPATH_SEARCH_PATHS = (
					"$(inherited)",
					"@executable_path/Frameworks",
					"@loader_path/Frameworks",
				);
				MARKETING_VERSION = 1.0;
				PRODUCT_BUNDLE_IDENTIFIER = practise007.panButtonTests;
				PRODUCT_NAME = "$(TARGET_NAME)";
				SWIFT_EMIT_LOC_STRINGS = NO;
				SWIFT_VERSION = 5.0;
				TARGETED_DEVICE_FAMILY = "1,2";
				TEST_HOST = "$(BUILT_PRODUCTS_DIR)/panButton.app/panButton";
			};
			name = Release;
		};
		128FD18E277073B1002C653D /* Debug */ = {
			isa = XCBuildConfiguration;
			buildSettings = {
				ALWAYS_EMBED_SWIFT_STANDARD_LIBRARIES = YES;
				CODE_SIGN_STYLE = Automatic;
				CURRENT_PROJECT_VERSION = 1;
				DEVELOPMENT_TEAM = KWKVL4YQWY;
				GENERATE_INFOPLIST_FILE = YES;
				LD_RUNPATH_SEARCH_PATHS = (
					"$(inherited)",
					"@executable_path/Frameworks",
					"@loader_path/Frameworks",
				);
				MARKETING_VERSION = 1.0;
				PRODUCT_BUNDLE_IDENTIFIER = practise007.panButtonUITests;
				PRODUCT_NAME = "$(TARGET_NAME)";
				SWIFT_EMIT_LOC_STRINGS = NO;
				SWIFT_VERSION = 5.0;
				TARGETED_DEVICE_FAMILY = "1,2";
				TEST_TARGET_NAME = panButton;
			};
			name = Debug;
		};
		128FD18F277073B1002C653D /* Release */ = {
			isa = XCBuildConfiguration;
			buildSettings = {
				ALWAYS_EMBED_SWIFT_STANDARD_LIBRARIES = YES;
				CODE_SIGN_STYLE = Automatic;
				CURRENT_PROJECT_VERSION = 1;
				DEVELOPMENT_TEAM = KWKVL4YQWY;
				GENERATE_INFOPLIST_FILE = YES;
				LD_RUNPATH_SEARCH_PATHS = (
					"$(inherited)",
					"@executable_path/Frameworks",
					"@loader_path/Frameworks",
				);
				MARKETING_VERSION = 1.0;
				PRODUCT_BUNDLE_IDENTIFIER = practise007.panButtonUITests;
				PRODUCT_NAME = "$(TARGET_NAME)";
				SWIFT_EMIT_LOC_STRINGS = NO;
				SWIFT_VERSION = 5.0;
				TARGETED_DEVICE_FAMILY = "1,2";
				TEST_TARGET_NAME = panButton;
			};
			name = Release;
		};
/* End XCBuildConfiguration section */

/* Begin XCConfigurationList section */
		128FD158277073B0002C653D /* Build configuration list for PBXProject "panButton" */ = {
			isa = XCConfigurationList;
			buildConfigurations = (
				128FD185277073B1002C653D /* Debug */,
				128FD186277073B1002C653D /* Release */,
			);
			defaultConfigurationIsVisible = 0;
			defaultConfigurationName = Release;
		};
		128FD187277073B1002C653D /* Build configuration list for PBXNativeTarget "panButton" */ = {
			isa = XCConfigurationList;
			buildConfigurations = (
				128FD188277073B1002C653D /* Debug */,
				128FD189277073B1002C653D /* Release */,
			);
			defaultConfigurationIsVisible = 0;
			defaultConfigurationName = Release;
		};
		128FD18A277073B1002C653D /* Build configuration list for PBXNativeTarget "panButtonTests" */ = {
			isa = XCConfigurationList;
			buildConfigurations = (
				128FD18B277073B1002C653D /* Debug */,
				128FD18C277073B1002C653D /* Release */,
			);
			defaultConfigurationIsVisible = 0;
			defaultConfigurationName = Release;
		};
		128FD18D277073B1002C653D /* Build configuration list for PBXNativeTarget "panButtonUITests" */ = {
			isa = XCConfigurationList;
			buildConfigurations = (
				128FD18E277073B1002C653D /* Debug */,
				128FD18F277073B1002C653D /* Release */,
			);
			defaultConfigurationIsVisible = 0;
			defaultConfigurationName = Release;
		};
/* End XCConfigurationList section */
	};
	rootObject = 128FD155277073B0002C653D /* Project object */;
}
